
Microsoft Visual Studio Solution File, Format Version 12.00
# Visual Studio Version 16
VisualStudioVersion = 16.0.30717.126
MinimumVisualStudioVersion = 10.0.40219.1
Project("{FAE04EC0-301F-11D3-BF4B-00C04F79EFBC}") = "TwStock", "TwStock\TwStock.csproj", "{1FDCACED-D775-4EDB-9316-2186A8201A6E}"
EndProject
Project("{FAE04EC0-301F-11D3-BF4B-00C04F79EFBC}") = "TwStock.Service", "TwStock.Service\TwStock.Service.csproj", "{91C02CDF-FAA9-43F0-85BF-D75389CD094C}"
EndProject
Project("{FAE04EC0-301F-11D3-BF4B-00C04F79EFBC}") = "TwStock.Test", "TwStock.Test\TwStock.Test.csproj", "{7C2C2DAA-AA29-484C-BBC0-A305A045CCBF}"
EndProject
Project("{FAE04EC0-301F-11D3-BF4B-00C04F79EFBC}") = "TwStock.Models", "TwStock.Models\TwStock.Models.csproj", "{7A8AD9AD-618A-4635-9757-73AA586EB637}"
EndProject
Global
	GlobalSection(SolutionConfigurationPlatforms) = preSolution
		Debug|Any CPU = Debug|Any CPU
		Release|Any CPU = Release|Any CPU
	EndGlobalSection
	GlobalSection(ProjectConfigurationPlatforms) = postSolution
		{1FDCACED-D775-4EDB-9316-2186A8201A6E}.Debug|Any CPU.ActiveCfg = Debug|Any CPU
		{1FDCACED-D775-4EDB-9316-2186A8201A6E}.Debug|Any CPU.Build.0 = Debug|Any CPU
		{1FDCACED-D775-4EDB-9316-2186A8201A6E}.Release|Any CPU.ActiveCfg = Release|Any CPU
		{1FDCACED-D775-4EDB-9316-2186A8201A6E}.Release|Any CPU.Build.0 = Release|Any CPU
		{91C02CDF-FAA9-43F0-85BF-D75389CD094C}.Debug|Any CPU.ActiveCfg = Debug|Any CPU
		{91C02CDF-FAA9-43F0-85BF-D75389CD094C}.Debug|Any CPU.Build.0 = Debug|Any CPU
		{91C02CDF-FAA9-43F0-85BF-D75389CD094C}.Release|Any CPU.ActiveCfg = Release|Any CPU
		{91C02CDF-FAA9-43F0-85BF-D75389CD094C}.Release|Any CPU.Build.0 = Release|Any CPU
		{7C2C2DAA-AA29-484C-BBC0-A305A045CCBF}.Debug|Any CPU.ActiveCfg = Debug|Any CPU
		{7C2C2DAA-AA29-484C-BBC0-A305A045CCBF}.Debug|Any CPU.Build.0 = Debug|Any CPU
		{7C2C2DAA-AA29-484C-BBC0-A305A045CCBF}.Release|Any CPU.ActiveCfg = Release|Any CPU
		{7C2C2DAA-AA29-484C-BBC0-A305A045CCBF}.Release|Any CPU.Build.0 = Release|Any CPU
		{7A8AD9AD-618A-4635-9757-73AA586EB637}.Debug|Any CPU.ActiveCfg = Debug|Any CPU
		{7A8AD9AD-618A-4635-9757-73AA586EB637}.Debug|Any CPU.Build.0 = Debug|Any CPU
		{7A8AD9AD-618A-4635-9757-73AA586EB637}.Release|Any CPU.ActiveCfg = Release|Any CPU
		{7A8AD9AD-618A-4635-9757-73AA586EB637}.Release|Any CPU.Build.0 = Release|Any CPU
	EndGlobalSection
	GlobalSection(SolutionProperties) = preSolution
		HideSolutionNode = FALSE
	EndGlobalSection
	GlobalSection(ExtensibilityGlobals) = postSolution
		SolutionGuid = {D896FD33-F218-4E72-8B74-C424F529D6E2}
	EndGlobalSection
EndGlobal
